
Microsoft Visual Studio Solution File, Format Version 12.00
# Visual Studio 14
VisualStudioVersion = 14.0.25123.0
MinimumVisualStudioVersion = 10.0.40219.1
Project("{D954291E-2A0B-460D-934E-DC6B0785DB48}") = "ExamLearning", "ExamLearning.shproj", "{1666495B-248D-42CF-8096-5EA045B09F2A}"
EndProject
Global
	GlobalSection(SharedMSBuildProjectFiles) = preSolution
		ExamLearning.projitems*{1666495b-248d-42cf-8096-5ea045b09f2a}*SharedItemsImports = 13
	EndGlobalSection
	GlobalSection(SolutionProperties) = preSolution
		HideSolutionNode = FALSE
	EndGlobalSection
EndGlobal
